
Microsoft Visual Studio Solution File, Format Version 12.00
# Visual Studio 15
VisualStudioVersion = 15.0.28010.2050
MinimumVisualStudioVersion = 10.0.40219.1
Project("{FAE04EC0-301F-11D3-BF4B-00C04F79EFBC}") = "PBI_REST_Sample", "PBI_REST_Sample\PBI_REST_Sample.csproj", "{79EECB18-799D-43BD-89E1-974C9013FDE9}"
EndProject
Global
	GlobalSection(SolutionConfigurationPlatforms) = preSolution
		Debug|Any CPU = Debug|Any CPU
		Release|Any CPU = Release|Any CPU
	EndGlobalSection
	GlobalSection(ProjectConfigurationPlatforms) = postSolution
		{79EECB18-799D-43BD-89E1-974C9013FDE9}.Debug|Any CPU.ActiveCfg = Debug|Any CPU
		{79EECB18-799D-43BD-89E1-974C9013FDE9}.Debug|Any CPU.Build.0 = Debug|Any CPU
		{79EECB18-799D-43BD-89E1-974C9013FDE9}.Release|Any CPU.ActiveCfg = Release|Any CPU
		{79EECB18-799D-43BD-89E1-974C9013FDE9}.Release|Any CPU.Build.0 = Release|Any CPU
	EndGlobalSection
	GlobalSection(SolutionProperties) = preSolution
		HideSolutionNode = FALSE
	EndGlobalSection
	GlobalSection(ExtensibilityGlobals) = postSolution
		SolutionGuid = {8127A656-BD1C-4475-9C26-2C9DF699D778}
	EndGlobalSection
EndGlobal
